// !$*UTF8*$!
{
	archiveVersion = 1;
	classes = {
	};
	objectVersion = 46;
	objects = {

/* Begin PBXBuildFile section */
		FF4A8FD41F1728A1008821E8 /* AppDelegate.swift in Sources */ = {isa = PBXBuildFile; fileRef = FF4A8FD31F1728A1008821E8 /* AppDelegate.swift */; };
		FF4A8FD61F1728A1008821E8 /* ViewController.swift in Sources */ = {isa = PBXBuildFile; fileRef = FF4A8FD51F1728A1008821E8 /* ViewController.swift */; };
		FF4A8FD91F1728A1008821E8 /* Main.storyboard in Resources */ = {isa = PBXBuildFile; fileRef = FF4A8FD71F1728A1008821E8 /* Main.storyboard */; };
		FF4A8FDC1F1728A1008821E8 /* CleanSwift.xcdatamodeld in Sources */ = {isa = PBXBuildFile; fileRef = FF4A8FDA1F1728A1008821E8 /* CleanSwift.xcdatamodeld */; };
		FF4A8FDE1F1728A1008821E8 /* Assets.xcassets in Resources */ = {isa = PBXBuildFile; fileRef = FF4A8FDD1F1728A1008821E8 /* Assets.xcassets */; };
		FF4A8FE11F1728A1008821E8 /* LaunchScreen.storyboard in Resources */ = {isa = PBXBuildFile; fileRef = FF4A8FDF1F1728A1008821E8 /* LaunchScreen.storyboard */; };
		FF4A8FEC1F1728A1008821E8 /* CleanSwiftTests.swift in Sources */ = {isa = PBXBuildFile; fileRef = FF4A8FEB1F1728A1008821E8 /* CleanSwiftTests.swift */; };
		FF4A8FF71F1728A1008821E8 /* CleanSwiftUITests.swift in Sources */ = {isa = PBXBuildFile; fileRef = FF4A8FF61F1728A1008821E8 /* CleanSwiftUITests.swift */; };
		FF7E64351F1774520013B9EC /* LoginConfigurator.swift in Sources */ = {isa = PBXBuildFile; fileRef = FF7E642C1F1774520013B9EC /* LoginConfigurator.swift */; };
		FF7E64361F1774520013B9EC /* LoginEntity.swift in Sources */ = {isa = PBXBuildFile; fileRef = FF7E642D1F1774520013B9EC /* LoginEntity.swift */; };
		FF7E64371F1774520013B9EC /* LoginInteractor.swift in Sources */ = {isa = PBXBuildFile; fileRef = FF7E642E1F1774520013B9EC /* LoginInteractor.swift */; };
		FF7E64381F1774520013B9EC /* LoginModels.swift in Sources */ = {isa = PBXBuildFile; fileRef = FF7E642F1F1774520013B9EC /* LoginModels.swift */; };
		FF7E64391F1774520013B9EC /* LoginPresenter.swift in Sources */ = {isa = PBXBuildFile; fileRef = FF7E64301F1774520013B9EC /* LoginPresenter.swift */; };
		FF7E643A1F1774520013B9EC /* LoginRouter.swift in Sources */ = {isa = PBXBuildFile; fileRef = FF7E64311F1774520013B9EC /* LoginRouter.swift */; };
		FF7E643B1F1774520013B9EC /* LoginStore.swift in Sources */ = {isa = PBXBuildFile; fileRef = FF7E64321F1774520013B9EC /* LoginStore.swift */; };
		FF7E643C1F1774520013B9EC /* LoginViewController.swift in Sources */ = {isa = PBXBuildFile; fileRef = FF7E64331F1774520013B9EC /* LoginViewController.swift */; };
		FF7E643D1F1774520013B9EC /* LoginWorker.swift in Sources */ = {isa = PBXBuildFile; fileRef = FF7E64341F1774520013B9EC /* LoginWorker.swift */; };
/* End PBXBuildFile section */

/* Begin PBXContainerItemProxy section */
		FF4A8FE81F1728A1008821E8 /* PBXContainerItemProxy */ = {
			isa = PBXContainerItemProxy;
			containerPortal = FF4A8FC81F1728A1008821E8 /* Project object */;
			proxyType = 1;
			remoteGlobalIDString = FF4A8FCF1F1728A1008821E8;
			remoteInfo = CleanSwift;
		};
		FF4A8FF31F1728A1008821E8 /* PBXContainerItemProxy */ = {
			isa = PBXContainerItemProxy;
			containerPortal = FF4A8FC81F1728A1008821E8 /* Project object */;
			proxyType = 1;
			remoteGlobalIDString = FF4A8FCF1F1728A1008821E8;
			remoteInfo = CleanSwift;
		};
/* End PBXContainerItemProxy section */

/* Begin PBXFileReference section */
		FF4A8FD01F1728A1008821E8 /* CleanSwift.app */ = {isa = PBXFileReference; explicitFileType = wrapper.application; includeInIndex = 0; path = CleanSwift.app; sourceTree = BUILT_PRODUCTS_DIR; };
		FF4A8FD31F1728A1008821E8 /* AppDelegate.swift */ = {isa = PBXFileReference; lastKnownFileType = sourcecode.swift; path = AppDelegate.swift; sourceTree = "<group>"; };
		FF4A8FD51F1728A1008821E8 /* ViewController.swift */ = {isa = PBXFileReference; lastKnownFileType = sourcecode.swift; path = ViewController.swift; sourceTree = "<group>"; };
		FF4A8FD81F1728A1008821E8 /* Base */ = {isa = PBXFileReference; lastKnownFileType = file.storyboard; name = Base; path = Base.lproj/Main.storyboard; sourceTree = "<group>"; };
		FF4A8FDB1F1728A1008821E8 /* CleanSwift.xcdatamodel */ = {isa = PBXFileReference; lastKnownFileType = wrapper.xcdatamodel; path = CleanSwift.xcdatamodel; sourceTree = "<group>"; };
		FF4A8FDD1F1728A1008821E8 /* Assets.xcassets */ = {isa = PBXFileReference; lastKnownFileType = folder.assetcatalog; path = Assets.xcassets; sourceTree = "<group>"; };
		FF4A8FE01F1728A1008821E8 /* Base */ = {isa = PBXFileReference; lastKnownFileType = file.storyboard; name = Base; path = Base.lproj/LaunchScreen.storyboard; sourceTree = "<group>"; };
		FF4A8FE21F1728A1008821E8 /* Info.plist */ = {isa = PBXFileReference; lastKnownFileType = text.plist.xml; path = Info.plist; sourceTree = "<group>"; };
		FF4A8FE71F1728A1008821E8 /* CleanSwiftTests.xctest */ = {isa = PBXFileReference; explicitFileType = wrapper.cfbundle; includeInIndex = 0; path = CleanSwiftTests.xctest; sourceTree = BUILT_PRODUCTS_DIR; };
		FF4A8FEB1F1728A1008821E8 /* CleanSwiftTests.swift */ = {isa = PBXFileReference; lastKnownFileType = sourcecode.swift; path = CleanSwiftTests.swift; sourceTree = "<group>"; };
		FF4A8FED1F1728A1008821E8 /* Info.plist */ = {isa = PBXFileReference; lastKnownFileType = text.plist.xml; path = Info.plist; sourceTree = "<group>"; };
		FF4A8FF21F1728A1008821E8 /* CleanSwiftUITests.xctest */ = {isa = PBXFileReference; explicitFileType = wrapper.cfbundle; includeInIndex = 0; path = CleanSwiftUITests.xctest; sourceTree = BUILT_PRODUCTS_DIR; };
		FF4A8FF61F1728A1008821E8 /* CleanSwiftUITests.swift */ = {isa = PBXFileReference; lastKnownFileType = sourcecode.swift; path = CleanSwiftUITests.swift; sourceTree = "<group>"; };
		FF4A8FF81F1728A1008821E8 /* Info.plist */ = {isa = PBXFileReference; lastKnownFileType = text.plist.xml; path = Info.plist; sourceTree = "<group>"; };
		FF7E642C1F1774520013B9EC /* LoginConfigurator.swift */ = {isa = PBXFileReference; fileEncoding = 4; lastKnownFileType = sourcecode.swift; path = LoginConfigurator.swift; sourceTree = "<group>"; };
		FF7E642D1F1774520013B9EC /* LoginEntity.swift */ = {isa = PBXFileReference; fileEncoding = 4; lastKnownFileType = sourcecode.swift; path = LoginEntity.swift; sourceTree = "<group>"; };
		FF7E642E1F1774520013B9EC /* LoginInteractor.swift */ = {isa = PBXFileReference; fileEncoding = 4; lastKnownFileType = sourcecode.swift; path = LoginInteractor.swift; sourceTree = "<group>"; };
		FF7E642F1F1774520013B9EC /* LoginModels.swift */ = {isa = PBXFileReference; fileEncoding = 4; lastKnownFileType = sourcecode.swift; path = LoginModels.swift; sourceTree = "<group>"; };
		FF7E64301F1774520013B9EC /* LoginPresenter.swift */ = {isa = PBXFileReference; fileEncoding = 4; lastKnownFileType = sourcecode.swift; path = LoginPresenter.swift; sourceTree = "<group>"; };
		FF7E64311F1774520013B9EC /* LoginRouter.swift */ = {isa = PBXFileReference; fileEncoding = 4; lastKnownFileType = sourcecode.swift; path = LoginRouter.swift; sourceTree = "<group>"; };
		FF7E64321F1774520013B9EC /* LoginStore.swift */ = {isa = PBXFileReference; fileEncoding = 4; lastKnownFileType = sourcecode.swift; path = LoginStore.swift; sourceTree = "<group>"; };
		FF7E64331F1774520013B9EC /* LoginViewController.swift */ = {isa = PBXFileReference; fileEncoding = 4; lastKnownFileType = sourcecode.swift; path = LoginViewController.swift; sourceTree = "<group>"; };
		FF7E64341F1774520013B9EC /* LoginWorker.swift */ = {isa = PBXFileReference; fileEncoding = 4; lastKnownFileType = sourcecode.swift; path = LoginWorker.swift; sourceTree = "<group>"; };
/* End PBXFileReference section */

/* Begin PBXFrameworksBuildPhase section */
		FF4A8FCD1F1728A1008821E8 /* Frameworks */ = {
			isa = PBXFrameworksBuildPhase;
			buildActionMask = 2147483647;
			files = (
			);
			runOnlyForDeploymentPostprocessing = 0;
		};
		FF4A8FE41F1728A1008821E8 /* Frameworks */ = {
			isa = PBXFrameworksBuildPhase;
			buildActionMask = 2147483647;
			files = (
			);
			runOnlyForDeploymentPostprocessing = 0;
		};
		FF4A8FEF1F1728A1008821E8 /* Frameworks */ = {
			isa = PBXFrameworksBuildPhase;
			buildActionMask = 2147483647;
			files = (
			);
			runOnlyForDeploymentPostprocessing = 0;
		};
/* End PBXFrameworksBuildPhase section */

/* Begin PBXGroup section */
		FF4A8FC71F1728A1008821E8 = {
			isa = PBXGroup;
			children = (
				FF4A8FD21F1728A1008821E8 /* CleanSwift */,
				FF4A8FEA1F1728A1008821E8 /* CleanSwiftTests */,
				FF4A8FF51F1728A1008821E8 /* CleanSwiftUITests */,
				FF4A8FD11F1728A1008821E8 /* Products */,
			);
			sourceTree = "<group>";
		};
		FF4A8FD11F1728A1008821E8 /* Products */ = {
			isa = PBXGroup;
			children = (
				FF4A8FD01F1728A1008821E8 /* CleanSwift.app */,
				FF4A8FE71F1728A1008821E8 /* CleanSwiftTests.xctest */,
				FF4A8FF21F1728A1008821E8 /* CleanSwiftUITests.xctest */,
			);
			name = Products;
			sourceTree = "<group>";
		};
		FF4A8FD21F1728A1008821E8 /* CleanSwift */ = {
			isa = PBXGroup;
			children = (
				FF4A900D1F174EFE008821E8 /* Support Files */,
				FF4A900C1F174EEF008821E8 /* Resources */,
				FF4A900A1F174EDF008821E8 /* Models */,
				FF4A90091F174ED9008821E8 /* Stores */,
				FF4A90081F174ED1008821E8 /* Workers */,
				FF4A90071F174EBF008821E8 /* Views */,
				FF4A90051F174EAE008821E8 /* Startup */,
				FF4A90041F1728DA008821E8 /* Scenes */,
				FF4A8FD31F1728A1008821E8 /* AppDelegate.swift */,
				FF4A8FD51F1728A1008821E8 /* ViewController.swift */,
				FF4A8FD71F1728A1008821E8 /* Main.storyboard */,
				FF4A8FDD1F1728A1008821E8 /* Assets.xcassets */,
				FF4A8FDF1F1728A1008821E8 /* LaunchScreen.storyboard */,
				FF4A8FE21F1728A1008821E8 /* Info.plist */,
				FF4A8FDA1F1728A1008821E8 /* CleanSwift.xcdatamodeld */,
			);
			path = CleanSwift;
			sourceTree = "<group>";
		};
		FF4A8FEA1F1728A1008821E8 /* CleanSwiftTests */ = {
			isa = PBXGroup;
			children = (
				FF4A8FEB1F1728A1008821E8 /* CleanSwiftTests.swift */,
				FF4A8FED1F1728A1008821E8 /* Info.plist */,
			);
			path = CleanSwiftTests;
			sourceTree = "<group>";
		};
		FF4A8FF51F1728A1008821E8 /* CleanSwiftUITests */ = {
			isa = PBXGroup;
			children = (
				FF4A8FF61F1728A1008821E8 /* CleanSwiftUITests.swift */,
				FF4A8FF81F1728A1008821E8 /* Info.plist */,
			);
			path = CleanSwiftUITests;
			sourceTree = "<group>";
		};
		FF4A90041F1728DA008821E8 /* Scenes */ = {
			isa = PBXGroup;
			children = (
				FF4A90101F1757AE008821E8 /* Details */,
				FF4A900F1F1757A6008821E8 /* Landing */,
				FF4A900E1F175646008821E8 /* Login */,
			);
			name = Scenes;
			sourceTree = "<group>";
		};
		FF4A90051F174EAE008821E8 /* Startup */ = {
			isa = PBXGroup;
			children = (
			);
			name = Startup;
			sourceTree = "<group>";
		};
		FF4A90071F174EBF008821E8 /* Views */ = {
			isa = PBXGroup;
			children = (
			);
			name = Views;
			sourceTree = "<group>";
		};
		FF4A90081F174ED1008821E8 /* Workers */ = {
			isa = PBXGroup;
			children = (
			);
			name = Workers;
			sourceTree = "<group>";
		};
		FF4A90091F174ED9008821E8 /* Stores */ = {
			isa = PBXGroup;
			children = (
			);
			name = Stores;
			sourceTree = "<group>";
		};
		FF4A900A1F174EDF008821E8 /* Models */ = {
			isa = PBXGroup;
			children = (
			);
			name = Models;
			sourceTree = "<group>";
		};
		FF4A900C1F174EEF008821E8 /* Resources */ = {
			isa = PBXGroup;
			children = (
			);
			name = Resources;
			sourceTree = "<group>";
		};
		FF4A900D1F174EFE008821E8 /* Support Files */ = {
			isa = PBXGroup;
			children = (
			);
			name = "Support Files";
			sourceTree = "<group>";
		};
		FF4A900E1F175646008821E8 /* Login */ = {
			isa = PBXGroup;
			children = (
				FF7E642C1F1774520013B9EC /* LoginConfigurator.swift */,
				FF7E642D1F1774520013B9EC /* LoginEntity.swift */,
				FF7E642E1F1774520013B9EC /* LoginInteractor.swift */,
				FF7E642F1F1774520013B9EC /* LoginModels.swift */,
				FF7E64301F1774520013B9EC /* LoginPresenter.swift */,
				FF7E64311F1774520013B9EC /* LoginRouter.swift */,
				FF7E64321F1774520013B9EC /* LoginStore.swift */,
				FF7E64331F1774520013B9EC /* LoginViewController.swift */,
				FF7E64341F1774520013B9EC /* LoginWorker.swift */,
			);
			name = Login;
			sourceTree = "<group>";
		};
		FF4A900F1F1757A6008821E8 /* Landing */ = {
			isa = PBXGroup;
			children = (
			);
			name = Landing;
			sourceTree = "<group>";
		};
		FF4A90101F1757AE008821E8 /* Details */ = {
			isa = PBXGroup;
			children = (
			);
			name = Details;
			sourceTree = "<group>";
		};
/* End PBXGroup section */

/* Begin PBXNativeTarget section */
		FF4A8FCF1F1728A1008821E8 /* CleanSwift */ = {
			isa = PBXNativeTarget;
			buildConfigurationList = FF4A8FFB1F1728A1008821E8 /* Build configuration list for PBXNativeTarget "CleanSwift" */;
			buildPhases = (
				FF4A8FCC1F1728A1008821E8 /* Sources */,
				FF4A8FCD1F1728A1008821E8 /* Frameworks */,
				FF4A8FCE1F1728A1008821E8 /* Resources */,
			);
			buildRules = (
			);
			dependencies = (
			);
			name = CleanSwift;
			productName = CleanSwift;
			productReference = FF4A8FD01F1728A1008821E8 /* CleanSwift.app */;
			productType = "com.apple.product-type.application";
		};
		FF4A8FE61F1728A1008821E8 /* CleanSwiftTests */ = {
			isa = PBXNativeTarget;
			buildConfigurationList = FF4A8FFE1F1728A1008821E8 /* Build configuration list for PBXNativeTarget "CleanSwiftTests" */;
			buildPhases = (
				FF4A8FE31F1728A1008821E8 /* Sources */,
				FF4A8FE41F1728A1008821E8 /* Frameworks */,
				FF4A8FE51F1728A1008821E8 /* Resources */,
			);
			buildRules = (
			);
			dependencies = (
				FF4A8FE91F1728A1008821E8 /* PBXTargetDependency */,
			);
			name = CleanSwiftTests;
			productName = CleanSwiftTests;
			productReference = FF4A8FE71F1728A1008821E8 /* CleanSwiftTests.xctest */;
			productType = "com.apple.product-type.bundle.unit-test";
		};
		FF4A8FF11F1728A1008821E8 /* CleanSwiftUITests */ = {
			isa = PBXNativeTarget;
			buildConfigurationList = FF4A90011F1728A1008821E8 /* Build configuration list for PBXNativeTarget "CleanSwiftUITests" */;
			buildPhases = (
				FF4A8FEE1F1728A1008821E8 /* Sources */,
				FF4A8FEF1F1728A1008821E8 /* Frameworks */,
				FF4A8FF01F1728A1008821E8 /* Resources */,
			);
			buildRules = (
			);
			dependencies = (
				FF4A8FF41F1728A1008821E8 /* PBXTargetDependency */,
			);
			name = CleanSwiftUITests;
			productName = CleanSwiftUITests;
			productReference = FF4A8FF21F1728A1008821E8 /* CleanSwiftUITests.xctest */;
			productType = "com.apple.product-type.bundle.ui-testing";
		};
/* End PBXNativeTarget section */

/* Begin PBXProject section */
		FF4A8FC81F1728A1008821E8 /* Project object */ = {
			isa = PBXProject;
			attributes = {
				LastSwiftUpdateCheck = 0830;
				LastUpgradeCheck = 0830;
				ORGANIZATIONNAME = "DILIP KOSURI";
				TargetAttributes = {
					FF4A8FCF1F1728A1008821E8 = {
						CreatedOnToolsVersion = 8.3.1;
						ProvisioningStyle = Automatic;
					};
					FF4A8FE61F1728A1008821E8 = {
						CreatedOnToolsVersion = 8.3.1;
						ProvisioningStyle = Automatic;
						TestTargetID = FF4A8FCF1F1728A1008821E8;
					};
					FF4A8FF11F1728A1008821E8 = {
						CreatedOnToolsVersion = 8.3.1;
						ProvisioningStyle = Automatic;
						TestTargetID = FF4A8FCF1F1728A1008821E8;
					};
				};
			};
			buildConfigurationList = FF4A8FCB1F1728A1008821E8 /* Build configuration list for PBXProject "CleanSwift" */;
			compatibilityVersion = "Xcode 3.2";
			developmentRegion = English;
			hasScannedForEncodings = 0;
			knownRegions = (
				en,
				Base,
			);
			mainGroup = FF4A8FC71F1728A1008821E8;
			productRefGroup = FF4A8FD11F1728A1008821E8 /* Products */;
			projectDirPath = "";
			projectRoot = "";
			targets = (
				FF4A8FCF1F1728A1008821E8 /* CleanSwift */,
				FF4A8FE61F1728A1008821E8 /* CleanSwiftTests */,
				FF4A8FF11F1728A1008821E8 /* CleanSwiftUITests */,
			);
		};
/* End PBXProject section */

/* Begin PBXResourcesBuildPhase section */
		FF4A8FCE1F1728A1008821E8 /* Resources */ = {
			isa = PBXResourcesBuildPhase;
			buildActionMask = 2147483647;
			files = (
				FF4A8FE11F1728A1008821E8 /* LaunchScreen.storyboard in Resources */,
				FF4A8FDE1F1728A1008821E8 /* Assets.xcassets in Resources */,
				FF4A8FD91F1728A1008821E8 /* Main.storyboard in Resources */,
			);
			runOnlyForDeploymentPostprocessing = 0;
		};
		FF4A8FE51F1728A1008821E8 /* Resources */ = {
			isa = PBXResourcesBuildPhase;
			buildActionMask = 2147483647;
			files = (
			);
			runOnlyForDeploymentPostprocessing = 0;
		};
		FF4A8FF01F1728A1008821E8 /* Resources */ = {
			isa = PBXResourcesBuildPhase;
			buildActionMask = 2147483647;
			files = (
			);
			runOnlyForDeploymentPostprocessing = 0;
		};
/* End PBXResourcesBuildPhase section */

/* Begin PBXSourcesBuildPhase section */
		FF4A8FCC1F1728A1008821E8 /* Sources */ = {
			isa = PBXSourcesBuildPhase;
			buildActionMask = 2147483647;
			files = (
				FF7E64391F1774520013B9EC /* LoginPresenter.swift in Sources */,
				FF7E64361F1774520013B9EC /* LoginEntity.swift in Sources */,
				FF4A8FDC1F1728A1008821E8 /* CleanSwift.xcdatamodeld in Sources */,
				FF7E64381F1774520013B9EC /* LoginModels.swift in Sources */,
				FF7E64371F1774520013B9EC /* LoginInteractor.swift in Sources */,
				FF7E643A1F1774520013B9EC /* LoginRouter.swift in Sources */,
				FF4A8FD61F1728A1008821E8 /* ViewController.swift in Sources */,
				FF7E643B1F1774520013B9EC /* LoginStore.swift in Sources */,
				FF7E64351F1774520013B9EC /* LoginConfigurator.swift in Sources */,
				FF4A8FD41F1728A1008821E8 /* AppDelegate.swift in Sources */,
				FF7E643C1F1774520013B9EC /* LoginViewController.swift in Sources */,
				FF7E643D1F1774520013B9EC /* LoginWorker.swift in Sources */,
			);
			runOnlyForDeploymentPostprocessing = 0;
		};
		FF4A8FE31F1728A1008821E8 /* Sources */ = {
			isa = PBXSourcesBuildPhase;
			buildActionMask = 2147483647;
			files = (
				FF4A8FEC1F1728A1008821E8 /* CleanSwiftTests.swift in Sources */,
			);
			runOnlyForDeploymentPostprocessing = 0;
		};
		FF4A8FEE1F1728A1008821E8 /* Sources */ = {
			isa = PBXSourcesBuildPhase;
			buildActionMask = 2147483647;
			files = (
				FF4A8FF71F1728A1008821E8 /* CleanSwiftUITests.swift in Sources */,
			);
			runOnlyForDeploymentPostprocessing = 0;
		};
/* End PBXSourcesBuildPhase section */

/* Begin PBXTargetDependency section */
		FF4A8FE91F1728A1008821E8 /* PBXTargetDependency */ = {
			isa = PBXTargetDependency;
			target = FF4A8FCF1F1728A1008821E8 /* CleanSwift */;
			targetProxy = FF4A8FE81F1728A1008821E8 /* PBXContainerItemProxy */;
		};
		FF4A8FF41F1728A1008821E8 /* PBXTargetDependency */ = {
			isa = PBXTargetDependency;
			target = FF4A8FCF1F1728A1008821E8 /* CleanSwift */;
			targetProxy = FF4A8FF31F1728A1008821E8 /* PBXContainerItemProxy */;
		};
/* End PBXTargetDependency section */

/* Begin PBXVariantGroup section */
		FF4A8FD71F1728A1008821E8 /* Main.storyboard */ = {
			isa = PBXVariantGroup;
			children = (
				FF4A8FD81F1728A1008821E8 /* Base */,
			);
			name = Main.storyboard;
			sourceTree = "<group>";
		};
		FF4A8FDF1F1728A1008821E8 /* LaunchScreen.storyboard */ = {
			isa = PBXVariantGroup;
			children = (
				FF4A8FE01F1728A1008821E8 /* Base */,
			);
			name = LaunchScreen.storyboard;
			sourceTree = "<group>";
		};
/* End PBXVariantGroup section */

/* Begin XCBuildConfiguration section */
		FF4A8FF91F1728A1008821E8 /* Debug */ = {
			isa = XCBuildConfiguration;
			buildSettings = {
				ALWAYS_SEARCH_USER_PATHS = NO;
				CLANG_ANALYZER_NONNULL = YES;
				CLANG_ANALYZER_NUMBER_OBJECT_CONVERSION = YES_AGGRESSIVE;
				CLANG_CXX_LANGUAGE_STANDARD = "gnu++0x";
				CLANG_CXX_LIBRARY = "libc++";
				CLANG_ENABLE_MODULES = YES;
				CLANG_ENABLE_OBJC_ARC = YES;
				CLANG_WARN_BOOL_CONVERSION = YES;
				CLANG_WARN_CONSTANT_CONVERSION = YES;
				CLANG_WARN_DIRECT_OBJC_ISA_USAGE = YES_ERROR;
				CLANG_WARN_DOCUMENTATION_COMMENTS = YES;
				CLANG_WARN_EMPTY_BODY = YES;
				CLANG_WARN_ENUM_CONVERSION = YES;
				CLANG_WARN_INFINITE_RECURSION = YES;
				CLANG_WARN_INT_CONVERSION = YES;
				CLANG_WARN_OBJC_ROOT_CLASS = YES_ERROR;
				CLANG_WARN_SUSPICIOUS_MOVE = YES;
				CLANG_WARN_UNREACHABLE_CODE = YES;
				CLANG_WARN__DUPLICATE_METHOD_MATCH = YES;
				"CODE_SIGN_IDENTITY[sdk=iphoneos*]" = "iPhone Developer";
				COPY_PHASE_STRIP = NO;
				DEBUG_INFORMATION_FORMAT = dwarf;
				ENABLE_STRICT_OBJC_MSGSEND = YES;
				ENABLE_TESTABILITY = YES;
				GCC_C_LANGUAGE_STANDARD = gnu99;
				GCC_DYNAMIC_NO_PIC = NO;
				GCC_NO_COMMON_BLOCKS = YES;
				GCC_OPTIMIZATION_LEVEL = 0;
				GCC_PREPROCESSOR_DEFINITIONS = (
					"DEBUG=1",
					"$(inherited)",
				);
				GCC_WARN_64_TO_32_BIT_CONVERSION = YES;
				GCC_WARN_ABOUT_RETURN_TYPE = YES_ERROR;
				GCC_WARN_UNDECLARED_SELECTOR = YES;
				GCC_WARN_UNINITIALIZED_AUTOS = YES_AGGRESSIVE;
				GCC_WARN_UNUSED_FUNCTION = YES;
				GCC_WARN_UNUSED_VARIABLE = YES;
				IPHONEOS_DEPLOYMENT_TARGET = 10.3;
				MTL_ENABLE_DEBUG_INFO = YES;
				ONLY_ACTIVE_ARCH = YES;
				SDKROOT = iphoneos;
				SWIFT_ACTIVE_COMPILATION_CONDITIONS = DEBUG;
				SWIFT_OPTIMIZATION_LEVEL = "-Onone";
				TARGETED_DEVICE_FAMILY = "1,2";
			};
			name = Debug;
		};
		FF4A8FFA1F1728A1008821E8 /* Release */ = {
			isa = XCBuildConfiguration;
			buildSettings = {
				ALWAYS_SEARCH_USER_PATHS = NO;
				CLANG_ANALYZER_NONNULL = YES;
				CLANG_ANALYZER_NUMBER_OBJECT_CONVERSION = YES_AGGRESSIVE;
				CLANG_CXX_LANGUAGE_STANDARD = "gnu++0x";
				CLANG_CXX_LIBRARY = "libc++";
				CLANG_ENABLE_MODULES = YES;
				CLANG_ENABLE_OBJC_ARC = YES;
				CLANG_WARN_BOOL_CONVERSION = YES;
				CLANG_WARN_CONSTANT_CONVERSION = YES;
				CLANG_WARN_DIRECT_OBJC_ISA_USAGE = YES_ERROR;
				CLANG_WARN_DOCUMENTATION_COMMENTS = YES;
				CLANG_WARN_EMPTY_BODY = YES;
				CLANG_WARN_ENUM_CONVERSION = YES;
				CLANG_WARN_INFINITE_RECURSION = YES;
				CLANG_WARN_INT_CONVERSION = YES;
				CLANG_WARN_OBJC_ROOT_CLASS = YES_ERROR;
				CLANG_WARN_SUSPICIOUS_MOVE = YES;
				CLANG_WARN_UNREACHABLE_CODE = YES;
				CLANG_WARN__DUPLICATE_METHOD_MATCH = YES;
				"CODE_SIGN_IDENTITY[sdk=iphoneos*]" = "iPhone Developer";
				COPY_PHASE_STRIP = NO;
				DEBUG_INFORMATION_FORMAT = "dwarf-with-dsym";
				ENABLE_NS_ASSERTIONS = NO;
				ENABLE_STRICT_OBJC_MSGSEND = YES;
				GCC_C_LANGUAGE_STANDARD = gnu99;
				GCC_NO_COMMON_BLOCKS = YES;
				GCC_WARN_64_TO_32_BIT_CONVERSION = YES;
				GCC_WARN_ABOUT_RETURN_TYPE = YES_ERROR;
				GCC_WARN_UNDECLARED_SELECTOR = YES;
				GCC_WARN_UNINITIALIZED_AUTOS = YES_AGGRESSIVE;
				GCC_WARN_UNUSED_FUNCTION = YES;
				GCC_WARN_UNUSED_VARIABLE = YES;
				IPHONEOS_DEPLOYMENT_TARGET = 10.3;
				MTL_ENABLE_DEBUG_INFO = NO;
				SDKROOT = iphoneos;
				SWIFT_OPTIMIZATION_LEVEL = "-Owholemodule";
				TARGETED_DEVICE_FAMILY = "1,2";
				VALIDATE_PRODUCT = YES;
			};
			name = Release;
		};
		FF4A8FFC1F1728A1008821E8 /* Debug */ = {
			isa = XCBuildConfiguration;
			buildSettings = {
				ASSETCATALOG_COMPILER_APPICON_NAME = AppIcon;
				INFOPLIST_FILE = CleanSwift/Info.plist;
				LD_RUNPATH_SEARCH_PATHS = "$(inherited) @executable_path/Frameworks";
				PRODUCT_BUNDLE_IDENTIFIER = framework.CleanSwift;
				PRODUCT_NAME = "$(TARGET_NAME)";
				SWIFT_VERSION = 3.0;
			};
			name = Debug;
		};
		FF4A8FFD1F1728A1008821E8 /* Release */ = {
			isa = XCBuildConfiguration;
			buildSettings = {
				ASSETCATALOG_COMPILER_APPICON_NAME = AppIcon;
				INFOPLIST_FILE = CleanSwift/Info.plist;
				LD_RUNPATH_SEARCH_PATHS = "$(inherited) @executable_path/Frameworks";
				PRODUCT_BUNDLE_IDENTIFIER = framework.CleanSwift;
				PRODUCT_NAME = "$(TARGET_NAME)";
				SWIFT_VERSION = 3.0;
			};
			name = Release;
		};
		FF4A8FFF1F1728A1008821E8 /* Debug */ = {
			isa = XCBuildConfiguration;
			buildSettings = {
				ALWAYS_EMBED_SWIFT_STANDARD_LIBRARIES = YES;
				BUNDLE_LOADER = "$(TEST_HOST)";
				INFOPLIST_FILE = CleanSwiftTests/Info.plist;
				LD_RUNPATH_SEARCH_PATHS = "$(inherited) @executable_path/Frameworks @loader_path/Frameworks";
				PRODUCT_BUNDLE_IDENTIFIER = framework.CleanSwiftTests;
				PRODUCT_NAME = "$(TARGET_NAME)";
				SWIFT_VERSION = 3.0;
				TEST_HOST = "$(BUILT_PRODUCTS_DIR)/CleanSwift.app/CleanSwift";
			};
			name = Debug;
		};
		FF4A90001F1728A1008821E8 /* Release */ = {
			isa = XCBuildConfiguration;
			buildSettings = {
				ALWAYS_EMBED_SWIFT_STANDARD_LIBRARIES = YES;
				BUNDLE_LOADER = "$(TEST_HOST)";
				INFOPLIST_FILE = CleanSwiftTests/Info.plist;
				LD_RUNPATH_SEARCH_PATHS = "$(inherited) @executable_path/Frameworks @loader_path/Frameworks";
				PRODUCT_BUNDLE_IDENTIFIER = framework.CleanSwiftTests;
				PRODUCT_NAME = "$(TARGET_NAME)";
				SWIFT_VERSION = 3.0;
				TEST_HOST = "$(BUILT_PRODUCTS_DIR)/CleanSwift.app/CleanSwift";
			};
			name = Release;
		};
		FF4A90021F1728A1008821E8 /* Debug */ = {
			isa = XCBuildConfiguration;
			buildSettings = {
				ALWAYS_EMBED_SWIFT_STANDARD_LIBRARIES = YES;
				INFOPLIST_FILE = CleanSwiftUITests/Info.plist;
				LD_RUNPATH_SEARCH_PATHS = "$(inherited) @executable_path/Frameworks @loader_path/Frameworks";
				PRODUCT_BUNDLE_IDENTIFIER = framework.CleanSwiftUITests;
				PRODUCT_NAME = "$(TARGET_NAME)";
				SWIFT_VERSION = 3.0;
				TEST_TARGET_NAME = CleanSwift;
			};
			name = Debug;
		};
		FF4A90031F1728A1008821E8 /* Release */ = {
			isa = XCBuildConfiguration;
			buildSettings = {
				ALWAYS_EMBED_SWIFT_STANDARD_LIBRARIES = YES;
				INFOPLIST_FILE = CleanSwiftUITests/Info.plist;
				LD_RUNPATH_SEARCH_PATHS = "$(inherited) @executable_path/Frameworks @loader_path/Frameworks";
				PRODUCT_BUNDLE_IDENTIFIER = framework.CleanSwiftUITests;
				PRODUCT_NAME = "$(TARGET_NAME)";
				SWIFT_VERSION = 3.0;
				TEST_TARGET_NAME = CleanSwift;
			};
			name = Release;
		};
/* End XCBuildConfiguration section */

/* Begin XCConfigurationList section */
		FF4A8FCB1F1728A1008821E8 /* Build configuration list for PBXProject "CleanSwift" */ = {
			isa = XCConfigurationList;
			buildConfigurations = (
				FF4A8FF91F1728A1008821E8 /* Debug */,
				FF4A8FFA1F1728A1008821E8 /* Release */,
			);
			defaultConfigurationIsVisible = 0;
			defaultConfigurationName = Release;
		};
		FF4A8FFB1F1728A1008821E8 /* Build configuration list for PBXNativeTarget "CleanSwift" */ = {
			isa = XCConfigurationList;
			buildConfigurations = (
				FF4A8FFC1F1728A1008821E8 /* Debug */,
				FF4A8FFD1F1728A1008821E8 /* Release */,
			);
			defaultConfigurationIsVisible = 0;
			defaultConfigurationName = Release;
		};
		FF4A8FFE1F1728A1008821E8 /* Build configuration list for PBXNativeTarget "CleanSwiftTests" */ = {
			isa = XCConfigurationList;
			buildConfigurations = (
				FF4A8FFF1F1728A1008821E8 /* Debug */,
				FF4A90001F1728A1008821E8 /* Release */,
			);
			defaultConfigurationIsVisible = 0;
			defaultConfigurationName = Release;
		};
		FF4A90011F1728A1008821E8 /* Build configuration list for PBXNativeTarget "CleanSwiftUITests" */ = {
			isa = XCConfigurationList;
			buildConfigurations = (
				FF4A90021F1728A1008821E8 /* Debug */,
				FF4A90031F1728A1008821E8 /* Release */,
			);
			defaultConfigurationIsVisible = 0;
			defaultConfigurationName = Release;
		};
/* End XCConfigurationList section */

/* Begin XCVersionGroup section */
		FF4A8FDA1F1728A1008821E8 /* CleanSwift.xcdatamodeld */ = {
			isa = XCVersionGroup;
			children = (
				FF4A8FDB1F1728A1008821E8 /* CleanSwift.xcdatamodel */,
			);
			currentVersion = FF4A8FDB1F1728A1008821E8 /* CleanSwift.xcdatamodel */;
			path = CleanSwift.xcdatamodeld;
			sourceTree = "<group>";
			versionGroupType = wrapper.xcdatamodel;
		};
/* End XCVersionGroup section */
	};
	rootObject = FF4A8FC81F1728A1008821E8 /* Project object */;
}
